// !$*UTF8*$!
{
	archiveVersion = 1;
	classes = {
	};
	objectVersion = 55;
	objects = {

/* Begin PBXBuildFile section */
		12E290DB75E167195B084754 /* Pods_SwiftUI_MVVM_Login_SwiftUI_MVVM_LoginUITests.framework in Frameworks */ = {isa = PBXBuildFile; fileRef = E9CD2C1D840D0AAAA7BBD272 /* Pods_SwiftUI_MVVM_Login_SwiftUI_MVVM_LoginUITests.framework */; };
		704669BE2752861E00E0B170 /* SwiftUI_MVVM_LoginApp.swift in Sources */ = {isa = PBXBuildFile; fileRef = 704669BD2752861E00E0B170 /* SwiftUI_MVVM_LoginApp.swift */; };
		704669C02752861E00E0B170 /* ContentView.swift in Sources */ = {isa = PBXBuildFile; fileRef = 704669BF2752861E00E0B170 /* ContentView.swift */; };
		704669C22752862000E0B170 /* Assets.xcassets in Resources */ = {isa = PBXBuildFile; fileRef = 704669C12752862000E0B170 /* Assets.xcassets */; };
		704669C52752862000E0B170 /* Preview Assets.xcassets in Resources */ = {isa = PBXBuildFile; fileRef = 704669C42752862000E0B170 /* Preview Assets.xcassets */; };
		704669CF2752876B00E0B170 /* LoginValidator.swift in Sources */ = {isa = PBXBuildFile; fileRef = 704669CE2752876B00E0B170 /* LoginValidator.swift */; };
		704669D127528B3F00E0B170 /* LoginViewModel.swift in Sources */ = {isa = PBXBuildFile; fileRef = 704669D027528B3F00E0B170 /* LoginViewModel.swift */; };
		704669D32753152E00E0B170 /* LoginView.swift in Sources */ = {isa = PBXBuildFile; fileRef = 704669D22753152E00E0B170 /* LoginView.swift */; };
		704669E42753517000E0B170 /* LoginValidatorTests.swift in Sources */ = {isa = PBXBuildFile; fileRef = 704669E32753517000E0B170 /* LoginValidatorTests.swift */; };
		704669E6275352DD00E0B170 /* LoginViewModelTests.swift in Sources */ = {isa = PBXBuildFile; fileRef = 704669E5275352DD00E0B170 /* LoginViewModelTests.swift */; };
		704669F9275356C700E0B170 /* LoginViewTests.swift in Sources */ = {isa = PBXBuildFile; fileRef = 704669F8275356C700E0B170 /* LoginViewTests.swift */; };
		704F01042759144600296A91 /* GoogleService-Info.plist in Resources */ = {isa = PBXBuildFile; fileRef = 704F01032759144600296A91 /* GoogleService-Info.plist */; };
		704F010627591E9500296A91 /* AppDelegate.swift in Sources */ = {isa = PBXBuildFile; fileRef = 704F010527591E9500296A91 /* AppDelegate.swift */; };
		704F010827591ED600296A91 /* ContentViewModel.swift in Sources */ = {isa = PBXBuildFile; fileRef = 704F010727591ED600296A91 /* ContentViewModel.swift */; };
		93FE30EDA6473E277FDE8FC5 /* Pods_SwiftUI_MVVM_Login.framework in Frameworks */ = {isa = PBXBuildFile; fileRef = 7E41A6DC5DC5E01A8B2613AB /* Pods_SwiftUI_MVVM_Login.framework */; };
		D344AC257B12BCA57573A189 /* Pods_SwiftUI_MVVM_LoginTests.framework in Frameworks */ = {isa = PBXBuildFile; fileRef = ECF5E5C1BA1FB057EF714540 /* Pods_SwiftUI_MVVM_LoginTests.framework */; };
/* End PBXBuildFile section */

/* Begin PBXContainerItemProxy section */
		704669DC2753512C00E0B170 /* PBXContainerItemProxy */ = {
			isa = PBXContainerItemProxy;
			containerPortal = 704669B22752861E00E0B170 /* Project object */;
			proxyType = 1;
			remoteGlobalIDString = 704669B92752861E00E0B170;
			remoteInfo = "SwiftUI-MVVM-Login";
		};
		704669F32753569F00E0B170 /* PBXContainerItemProxy */ = {
			isa = PBXContainerItemProxy;
			containerPortal = 704669B22752861E00E0B170 /* Project object */;
			proxyType = 1;
			remoteGlobalIDString = 704669B92752861E00E0B170;
			remoteInfo = "SwiftUI-MVVM-Login";
		};
/* End PBXContainerItemProxy section */

/* Begin PBXFileReference section */
		0114BDC93ACD267FCCC56E99 /* Pods-SwiftUI-MVVM-Login.debug.xcconfig */ = {isa = PBXFileReference; includeInIndex = 1; lastKnownFileType = text.xcconfig; name = "Pods-SwiftUI-MVVM-Login.debug.xcconfig"; path = "Target Support Files/Pods-SwiftUI-MVVM-Login/Pods-SwiftUI-MVVM-Login.debug.xcconfig"; sourceTree = "<group>"; };
		087B480DADFEBCD6E3134E3D /* Pods-SwiftUI-MVVM-LoginTests.debug.xcconfig */ = {isa = PBXFileReference; includeInIndex = 1; lastKnownFileType = text.xcconfig; name = "Pods-SwiftUI-MVVM-LoginTests.debug.xcconfig"; path = "Target Support Files/Pods-SwiftUI-MVVM-LoginTests/Pods-SwiftUI-MVVM-LoginTests.debug.xcconfig"; sourceTree = "<group>"; };
		213EC4B671ECB48D8D853FB1 /* Pods-SwiftUI-MVVM-LoginTests.release.xcconfig */ = {isa = PBXFileReference; includeInIndex = 1; lastKnownFileType = text.xcconfig; name = "Pods-SwiftUI-MVVM-LoginTests.release.xcconfig"; path = "Target Support Files/Pods-SwiftUI-MVVM-LoginTests/Pods-SwiftUI-MVVM-LoginTests.release.xcconfig"; sourceTree = "<group>"; };
		6C95819E3DDDF39A6C282187 /* Pods-SwiftUI-MVVM-Login.release.xcconfig */ = {isa = PBXFileReference; includeInIndex = 1; lastKnownFileType = text.xcconfig; name = "Pods-SwiftUI-MVVM-Login.release.xcconfig"; path = "Target Support Files/Pods-SwiftUI-MVVM-Login/Pods-SwiftUI-MVVM-Login.release.xcconfig"; sourceTree = "<group>"; };
		704669BA2752861E00E0B170 /* SwiftUI-MVVM-Login.app */ = {isa = PBXFileReference; explicitFileType = wrapper.application; includeInIndex = 0; path = "SwiftUI-MVVM-Login.app"; sourceTree = BUILT_PRODUCTS_DIR; };
		704669BD2752861E00E0B170 /* SwiftUI_MVVM_LoginApp.swift */ = {isa = PBXFileReference; lastKnownFileType = sourcecode.swift; path = SwiftUI_MVVM_LoginApp.swift; sourceTree = "<group>"; };
		704669BF2752861E00E0B170 /* ContentView.swift */ = {isa = PBXFileReference; lastKnownFileType = sourcecode.swift; path = ContentView.swift; sourceTree = "<group>"; };
		704669C12752862000E0B170 /* Assets.xcassets */ = {isa = PBXFileReference; lastKnownFileType = folder.assetcatalog; path = Assets.xcassets; sourceTree = "<group>"; };
		704669C42752862000E0B170 /* Preview Assets.xcassets */ = {isa = PBXFileReference; lastKnownFileType = folder.assetcatalog; path = "Preview Assets.xcassets"; sourceTree = "<group>"; };
		704669CE2752876B00E0B170 /* LoginValidator.swift */ = {isa = PBXFileReference; lastKnownFileType = sourcecode.swift; path = LoginValidator.swift; sourceTree = "<group>"; };
		704669D027528B3F00E0B170 /* LoginViewModel.swift */ = {isa = PBXFileReference; lastKnownFileType = sourcecode.swift; path = LoginViewModel.swift; sourceTree = "<group>"; };
		704669D22753152E00E0B170 /* LoginView.swift */ = {isa = PBXFileReference; lastKnownFileType = sourcecode.swift; path = LoginView.swift; sourceTree = "<group>"; };
		704669D82753512C00E0B170 /* SwiftUI-MVVM-LoginTests.xctest */ = {isa = PBXFileReference; explicitFileType = wrapper.cfbundle; includeInIndex = 0; path = "SwiftUI-MVVM-LoginTests.xctest"; sourceTree = BUILT_PRODUCTS_DIR; };
		704669E32753517000E0B170 /* LoginValidatorTests.swift */ = {isa = PBXFileReference; lastKnownFileType = sourcecode.swift; path = LoginValidatorTests.swift; sourceTree = "<group>"; };
		704669E5275352DD00E0B170 /* LoginViewModelTests.swift */ = {isa = PBXFileReference; lastKnownFileType = sourcecode.swift; path = LoginViewModelTests.swift; sourceTree = "<group>"; };
		704669ED2753569F00E0B170 /* SwiftUI-MVVM-LoginUITests.xctest */ = {isa = PBXFileReference; explicitFileType = wrapper.cfbundle; includeInIndex = 0; path = "SwiftUI-MVVM-LoginUITests.xctest"; sourceTree = BUILT_PRODUCTS_DIR; };
		704669F8275356C700E0B170 /* LoginViewTests.swift */ = {isa = PBXFileReference; lastKnownFileType = sourcecode.swift; path = LoginViewTests.swift; sourceTree = "<group>"; };
		704F01032759144600296A91 /* GoogleService-Info.plist */ = {isa = PBXFileReference; fileEncoding = 4; lastKnownFileType = text.plist.xml; path = "GoogleService-Info.plist"; sourceTree = "<group>"; };
		704F010527591E9500296A91 /* AppDelegate.swift */ = {isa = PBXFileReference; lastKnownFileType = sourcecode.swift; path = AppDelegate.swift; sourceTree = "<group>"; };
		704F010727591ED600296A91 /* ContentViewModel.swift */ = {isa = PBXFileReference; lastKnownFileType = sourcecode.swift; path = ContentViewModel.swift; sourceTree = "<group>"; };
		7E41A6DC5DC5E01A8B2613AB /* Pods_SwiftUI_MVVM_Login.framework */ = {isa = PBXFileReference; explicitFileType = wrapper.framework; includeInIndex = 0; path = Pods_SwiftUI_MVVM_Login.framework; sourceTree = BUILT_PRODUCTS_DIR; };
		DFB16B51F91C92D689DE02E8 /* Pods-SwiftUI-MVVM-Login-SwiftUI-MVVM-LoginUITests.debug.xcconfig */ = {isa = PBXFileReference; includeInIndex = 1; lastKnownFileType = text.xcconfig; name = "Pods-SwiftUI-MVVM-Login-SwiftUI-MVVM-LoginUITests.debug.xcconfig"; path = "Target Support Files/Pods-SwiftUI-MVVM-Login-SwiftUI-MVVM-LoginUITests/Pods-SwiftUI-MVVM-Login-SwiftUI-MVVM-LoginUITests.debug.xcconfig"; sourceTree = "<group>"; };
		E27D760A6DF6C6929769EB94 /* Pods-SwiftUI-MVVM-Login-SwiftUI-MVVM-LoginUITests.release.xcconfig */ = {isa = PBXFileReference; includeInIndex = 1; lastKnownFileType = text.xcconfig; name = "Pods-SwiftUI-MVVM-Login-SwiftUI-MVVM-LoginUITests.release.xcconfig"; path = "Target Support Files/Pods-SwiftUI-MVVM-Login-SwiftUI-MVVM-LoginUITests/Pods-SwiftUI-MVVM-Login-SwiftUI-MVVM-LoginUITests.release.xcconfig"; sourceTree = "<group>"; };
		E9CD2C1D840D0AAAA7BBD272 /* Pods_SwiftUI_MVVM_Login_SwiftUI_MVVM_LoginUITests.framework */ = {isa = PBXFileReference; explicitFileType = wrapper.framework; includeInIndex = 0; path = Pods_SwiftUI_MVVM_Login_SwiftUI_MVVM_LoginUITests.framework; sourceTree = BUILT_PRODUCTS_DIR; };
		ECF5E5C1BA1FB057EF714540 /* Pods_SwiftUI_MVVM_LoginTests.framework */ = {isa = PBXFileReference; explicitFileType = wrapper.framework; includeInIndex = 0; path = Pods_SwiftUI_MVVM_LoginTests.framework; sourceTree = BUILT_PRODUCTS_DIR; };
/* End PBXFileReference section */

/* Begin PBXFrameworksBuildPhase section */
		704669B72752861E00E0B170 /* Frameworks */ = {
			isa = PBXFrameworksBuildPhase;
			buildActionMask = 2147483647;
			files = (
				93FE30EDA6473E277FDE8FC5 /* Pods_SwiftUI_MVVM_Login.framework in Frameworks */,
			);
			runOnlyForDeploymentPostprocessing = 0;
		};
		704669D52753512C00E0B170 /* Frameworks */ = {
			isa = PBXFrameworksBuildPhase;
			buildActionMask = 2147483647;
			files = (
				D344AC257B12BCA57573A189 /* Pods_SwiftUI_MVVM_LoginTests.framework in Frameworks */,
			);
			runOnlyForDeploymentPostprocessing = 0;
		};
		704669EA2753569F00E0B170 /* Frameworks */ = {
			isa = PBXFrameworksBuildPhase;
			buildActionMask = 2147483647;
			files = (
				12E290DB75E167195B084754 /* Pods_SwiftUI_MVVM_Login_SwiftUI_MVVM_LoginUITests.framework in Frameworks */,
			);
			runOnlyForDeploymentPostprocessing = 0;
		};
/* End PBXFrameworksBuildPhase section */

/* Begin PBXGroup section */
		704669B12752861E00E0B170 = {
			isa = PBXGroup;
			children = (
				704669BC2752861E00E0B170 /* SwiftUI-MVVM-Login */,
				704669D92753512C00E0B170 /* SwiftUI-MVVM-LoginTests */,
				704669EE2753569F00E0B170 /* SwiftUI-MVVM-LoginUITests */,
				704669BB2752861E00E0B170 /* Products */,
				EB2F0866F065725809AA6E5A /* Pods */,
				7AACDBF4A6567D41039645E9 /* Frameworks */,
			);
			sourceTree = "<group>";
		};
		704669BB2752861E00E0B170 /* Products */ = {
			isa = PBXGroup;
			children = (
				704669BA2752861E00E0B170 /* SwiftUI-MVVM-Login.app */,
				704669D82753512C00E0B170 /* SwiftUI-MVVM-LoginTests.xctest */,
				704669ED2753569F00E0B170 /* SwiftUI-MVVM-LoginUITests.xctest */,
			);
			name = Products;
			sourceTree = "<group>";
		};
		704669BC2752861E00E0B170 /* SwiftUI-MVVM-Login */ = {
			isa = PBXGroup;
			children = (
				704669BD2752861E00E0B170 /* SwiftUI_MVVM_LoginApp.swift */,
				704669CB2752863000E0B170 /* Models */,
				704669CD2752865600E0B170 /* ViewModels */,
				704669CC2752864D00E0B170 /* Views */,
				704669C12752862000E0B170 /* Assets.xcassets */,
				704F01032759144600296A91 /* GoogleService-Info.plist */,
				704669C32752862000E0B170 /* Preview Content */,
				704F010527591E9500296A91 /* AppDelegate.swift */,
			);
			path = "SwiftUI-MVVM-Login";
			sourceTree = "<group>";
		};
		704669C32752862000E0B170 /* Preview Content */ = {
			isa = PBXGroup;
			children = (
				704669C42752862000E0B170 /* Preview Assets.xcassets */,
			);
			path = "Preview Content";
			sourceTree = "<group>";
		};
		704669CB2752863000E0B170 /* Models */ = {
			isa = PBXGroup;
			children = (
				704669CE2752876B00E0B170 /* LoginValidator.swift */,
			);
			path = Models;
			sourceTree = "<group>";
		};
		704669CC2752864D00E0B170 /* Views */ = {
			isa = PBXGroup;
			children = (
				704669BF2752861E00E0B170 /* ContentView.swift */,
				704669D22753152E00E0B170 /* LoginView.swift */,
			);
			path = Views;
			sourceTree = "<group>";
		};
		704669CD2752865600E0B170 /* ViewModels */ = {
			isa = PBXGroup;
			children = (
				704F010727591ED600296A91 /* ContentViewModel.swift */,
				704669D027528B3F00E0B170 /* LoginViewModel.swift */,
			);
			path = ViewModels;
			sourceTree = "<group>";
		};
		704669D92753512C00E0B170 /* SwiftUI-MVVM-LoginTests */ = {
			isa = PBXGroup;
			children = (
				704669E12753514500E0B170 /* Models */,
				704669E22753514E00E0B170 /* ViewModels */,
			);
			path = "SwiftUI-MVVM-LoginTests";
			sourceTree = "<group>";
		};
		704669E12753514500E0B170 /* Models */ = {
			isa = PBXGroup;
			children = (
				704669E32753517000E0B170 /* LoginValidatorTests.swift */,
			);
			path = Models;
			sourceTree = "<group>";
		};
		704669E22753514E00E0B170 /* ViewModels */ = {
			isa = PBXGroup;
			children = (
				704669E5275352DD00E0B170 /* LoginViewModelTests.swift */,
			);
			path = ViewModels;
			sourceTree = "<group>";
		};
		704669EE2753569F00E0B170 /* SwiftUI-MVVM-LoginUITests */ = {
			isa = PBXGroup;
			children = (
				704669FA275356CE00E0B170 /* Views */,
			);
			path = "SwiftUI-MVVM-LoginUITests";
			sourceTree = "<group>";
		};
		704669FA275356CE00E0B170 /* Views */ = {
			isa = PBXGroup;
			children = (
				704669F8275356C700E0B170 /* LoginViewTests.swift */,
			);
			path = Views;
			sourceTree = "<group>";
		};
		7AACDBF4A6567D41039645E9 /* Frameworks */ = {
			isa = PBXGroup;
			children = (
				7E41A6DC5DC5E01A8B2613AB /* Pods_SwiftUI_MVVM_Login.framework */,
				E9CD2C1D840D0AAAA7BBD272 /* Pods_SwiftUI_MVVM_Login_SwiftUI_MVVM_LoginUITests.framework */,
				ECF5E5C1BA1FB057EF714540 /* Pods_SwiftUI_MVVM_LoginTests.framework */,
			);
			name = Frameworks;
			sourceTree = "<group>";
		};
		EB2F0866F065725809AA6E5A /* Pods */ = {
			isa = PBXGroup;
			children = (
				0114BDC93ACD267FCCC56E99 /* Pods-SwiftUI-MVVM-Login.debug.xcconfig */,
				6C95819E3DDDF39A6C282187 /* Pods-SwiftUI-MVVM-Login.release.xcconfig */,
				DFB16B51F91C92D689DE02E8 /* Pods-SwiftUI-MVVM-Login-SwiftUI-MVVM-LoginUITests.debug.xcconfig */,
				E27D760A6DF6C6929769EB94 /* Pods-SwiftUI-MVVM-Login-SwiftUI-MVVM-LoginUITests.release.xcconfig */,
				087B480DADFEBCD6E3134E3D /* Pods-SwiftUI-MVVM-LoginTests.debug.xcconfig */,
				213EC4B671ECB48D8D853FB1 /* Pods-SwiftUI-MVVM-LoginTests.release.xcconfig */,
			);
			path = Pods;
			sourceTree = "<group>";
		};
/* End PBXGroup section */

/* Begin PBXNativeTarget section */
		704669B92752861E00E0B170 /* SwiftUI-MVVM-Login */ = {
			isa = PBXNativeTarget;
			buildConfigurationList = 704669C82752862000E0B170 /* Build configuration list for PBXNativeTarget "SwiftUI-MVVM-Login" */;
			buildPhases = (
				0667F9F437F6E9A8EB21987E /* [CP] Check Pods Manifest.lock */,
				704669B62752861E00E0B170 /* Sources */,
				704669B72752861E00E0B170 /* Frameworks */,
				704669B82752861E00E0B170 /* Resources */,
				766377A4C6E9106179B150A0 /* [CP] Embed Pods Frameworks */,
			);
			buildRules = (
			);
			dependencies = (
			);
			name = "SwiftUI-MVVM-Login";
			productName = "SwiftUI-MVVM-Login";
			productReference = 704669BA2752861E00E0B170 /* SwiftUI-MVVM-Login.app */;
			productType = "com.apple.product-type.application";
		};
		704669D72753512C00E0B170 /* SwiftUI-MVVM-LoginTests */ = {
			isa = PBXNativeTarget;
			buildConfigurationList = 704669E02753512C00E0B170 /* Build configuration list for PBXNativeTarget "SwiftUI-MVVM-LoginTests" */;
			buildPhases = (
				8A6927964DB9F3B2C7793452 /* [CP] Check Pods Manifest.lock */,
				704669D42753512C00E0B170 /* Sources */,
				704669D52753512C00E0B170 /* Frameworks */,
				704669D62753512C00E0B170 /* Resources */,
			);
			buildRules = (
			);
			dependencies = (
				704669DD2753512C00E0B170 /* PBXTargetDependency */,
			);
			name = "SwiftUI-MVVM-LoginTests";
			productName = "SwiftUI-MVVM-LoginTests";
			productReference = 704669D82753512C00E0B170 /* SwiftUI-MVVM-LoginTests.xctest */;
			productType = "com.apple.product-type.bundle.unit-test";
		};
		704669EC2753569F00E0B170 /* SwiftUI-MVVM-LoginUITests */ = {
			isa = PBXNativeTarget;
			buildConfigurationList = 704669F52753569F00E0B170 /* Build configuration list for PBXNativeTarget "SwiftUI-MVVM-LoginUITests" */;
			buildPhases = (
				5ED81266FDEC8EEDC99DF056 /* [CP] Check Pods Manifest.lock */,
				704669E92753569F00E0B170 /* Sources */,
				704669EA2753569F00E0B170 /* Frameworks */,
				704669EB2753569F00E0B170 /* Resources */,
				6FAA41477087261033F93DD8 /* [CP] Embed Pods Frameworks */,
			);
			buildRules = (
			);
			dependencies = (
				704669F42753569F00E0B170 /* PBXTargetDependency */,
			);
			name = "SwiftUI-MVVM-LoginUITests";
			productName = "SwiftUI-MVVM-LoginUITests";
			productReference = 704669ED2753569F00E0B170 /* SwiftUI-MVVM-LoginUITests.xctest */;
			productType = "com.apple.product-type.bundle.ui-testing";
		};
/* End PBXNativeTarget section */

/* Begin PBXProject section */
		704669B22752861E00E0B170 /* Project object */ = {
			isa = PBXProject;
			attributes = {
				BuildIndependentTargetsInParallel = 1;
				LastSwiftUpdateCheck = 1310;
				LastUpgradeCheck = 1310;
				TargetAttributes = {
					704669B92752861E00E0B170 = {
						CreatedOnToolsVersion = 13.1;
					};
					704669D72753512C00E0B170 = {
						CreatedOnToolsVersion = 13.1;
						TestTargetID = 704669B92752861E00E0B170;
					};
					704669EC2753569F00E0B170 = {
						CreatedOnToolsVersion = 13.1;
						TestTargetID = 704669B92752861E00E0B170;
					};
				};
			};
			buildConfigurationList = 704669B52752861E00E0B170 /* Build configuration list for PBXProject "SwiftUI-MVVM-Login" */;
			compatibilityVersion = "Xcode 13.0";
			developmentRegion = en;
			hasScannedForEncodings = 0;
			knownRegions = (
				en,
				Base,
			);
			mainGroup = 704669B12752861E00E0B170;
			productRefGroup = 704669BB2752861E00E0B170 /* Products */;
			projectDirPath = "";
			projectRoot = "";
			targets = (
				704669B92752861E00E0B170 /* SwiftUI-MVVM-Login */,
				704669D72753512C00E0B170 /* SwiftUI-MVVM-LoginTests */,
				704669EC2753569F00E0B170 /* SwiftUI-MVVM-LoginUITests */,
			);
		};
/* End PBXProject section */

/* Begin PBXResourcesBuildPhase section */
		704669B82752861E00E0B170 /* Resources */ = {
			isa = PBXResourcesBuildPhase;
			buildActionMask = 2147483647;
			files = (
				704669C52752862000E0B170 /* Preview Assets.xcassets in Resources */,
				704669C22752862000E0B170 /* Assets.xcassets in Resources */,
				704F01042759144600296A91 /* GoogleService-Info.plist in Resources */,
			);
			runOnlyForDeploymentPostprocessing = 0;
		};
		704669D62753512C00E0B170 /* Resources */ = {
			isa = PBXResourcesBuildPhase;
			buildActionMask = 2147483647;
			files = (
			);
			runOnlyForDeploymentPostprocessing = 0;
		};
		704669EB2753569F00E0B170 /* Resources */ = {
			isa = PBXResourcesBuildPhase;
			buildActionMask = 2147483647;
			files = (
			);
			runOnlyForDeploymentPostprocessing = 0;
		};
/* End PBXResourcesBuildPhase section */

/* Begin PBXShellScriptBuildPhase section */
		0667F9F437F6E9A8EB21987E /* [CP] Check Pods Manifest.lock */ = {
			isa = PBXShellScriptBuildPhase;
			buildActionMask = 2147483647;
			files = (
			);
			inputFileListPaths = (
			);
			inputPaths = (
				"${PODS_PODFILE_DIR_PATH}/Podfile.lock",
				"${PODS_ROOT}/Manifest.lock",
			);
			name = "[CP] Check Pods Manifest.lock";
			outputFileListPaths = (
			);
			outputPaths = (
				"$(DERIVED_FILE_DIR)/Pods-SwiftUI-MVVM-Login-checkManifestLockResult.txt",
			);
			runOnlyForDeploymentPostprocessing = 0;
			shellPath = /bin/sh;
			shellScript = "diff \"${PODS_PODFILE_DIR_PATH}/Podfile.lock\" \"${PODS_ROOT}/Manifest.lock\" > /dev/null\nif [ $? != 0 ] ; then\n    # print error to STDERR\n    echo \"error: The sandbox is not in sync with the Podfile.lock. Run 'pod install' or update your CocoaPods installation.\" >&2\n    exit 1\nfi\n# This output is used by Xcode 'outputs' to avoid re-running this script phase.\necho \"SUCCESS\" > \"${SCRIPT_OUTPUT_FILE_0}\"\n";
			showEnvVarsInLog = 0;
		};
		5ED81266FDEC8EEDC99DF056 /* [CP] Check Pods Manifest.lock */ = {
			isa = PBXShellScriptBuildPhase;
			buildActionMask = 2147483647;
			files = (
			);
			inputFileListPaths = (
			);
			inputPaths = (
				"${PODS_PODFILE_DIR_PATH}/Podfile.lock",
				"${PODS_ROOT}/Manifest.lock",
			);
			name = "[CP] Check Pods Manifest.lock";
			outputFileListPaths = (
			);
			outputPaths = (
				"$(DERIVED_FILE_DIR)/Pods-SwiftUI-MVVM-Login-SwiftUI-MVVM-LoginUITests-checkManifestLockResult.txt",
			);
			runOnlyForDeploymentPostprocessing = 0;
			shellPath = /bin/sh;
			shellScript = "diff \"${PODS_PODFILE_DIR_PATH}/Podfile.lock\" \"${PODS_ROOT}/Manifest.lock\" > /dev/null\nif [ $? != 0 ] ; then\n    # print error to STDERR\n    echo \"error: The sandbox is not in sync with the Podfile.lock. Run 'pod install' or update your CocoaPods installation.\" >&2\n    exit 1\nfi\n# This output is used by Xcode 'outputs' to avoid re-running this script phase.\necho \"SUCCESS\" > \"${SCRIPT_OUTPUT_FILE_0}\"\n";
			showEnvVarsInLog = 0;
		};
		6FAA41477087261033F93DD8 /* [CP] Embed Pods Frameworks */ = {
			isa = PBXShellScriptBuildPhase;
			buildActionMask = 2147483647;
			files = (
			);
			inputFileListPaths = (
				"${PODS_ROOT}/Target Support Files/Pods-SwiftUI-MVVM-Login-SwiftUI-MVVM-LoginUITests/Pods-SwiftUI-MVVM-Login-SwiftUI-MVVM-LoginUITests-frameworks-${CONFIGURATION}-input-files.xcfilelist",
			);
			name = "[CP] Embed Pods Frameworks";
			outputFileListPaths = (
				"${PODS_ROOT}/Target Support Files/Pods-SwiftUI-MVVM-Login-SwiftUI-MVVM-LoginUITests/Pods-SwiftUI-MVVM-Login-SwiftUI-MVVM-LoginUITests-frameworks-${CONFIGURATION}-output-files.xcfilelist",
			);
			runOnlyForDeploymentPostprocessing = 0;
			shellPath = /bin/sh;
			shellScript = "\"${PODS_ROOT}/Target Support Files/Pods-SwiftUI-MVVM-Login-SwiftUI-MVVM-LoginUITests/Pods-SwiftUI-MVVM-Login-SwiftUI-MVVM-LoginUITests-frameworks.sh\"\n";
			showEnvVarsInLog = 0;
		};
		766377A4C6E9106179B150A0 /* [CP] Embed Pods Frameworks */ = {
			isa = PBXShellScriptBuildPhase;
			buildActionMask = 2147483647;
			files = (
			);
			inputFileListPaths = (
				"${PODS_ROOT}/Target Support Files/Pods-SwiftUI-MVVM-Login/Pods-SwiftUI-MVVM-Login-frameworks-${CONFIGURATION}-input-files.xcfilelist",
			);
			name = "[CP] Embed Pods Frameworks";
			outputFileListPaths = (
				"${PODS_ROOT}/Target Support Files/Pods-SwiftUI-MVVM-Login/Pods-SwiftUI-MVVM-Login-frameworks-${CONFIGURATION}-output-files.xcfilelist",
			);
			runOnlyForDeploymentPostprocessing = 0;
			shellPath = /bin/sh;
			shellScript = "\"${PODS_ROOT}/Target Support Files/Pods-SwiftUI-MVVM-Login/Pods-SwiftUI-MVVM-Login-frameworks.sh\"\n";
			showEnvVarsInLog = 0;
		};
		8A6927964DB9F3B2C7793452 /* [CP] Check Pods Manifest.lock */ = {
			isa = PBXShellScriptBuildPhase;
			buildActionMask = 2147483647;
			files = (
			);
			inputFileListPaths = (
			);
			inputPaths = (
				"${PODS_PODFILE_DIR_PATH}/Podfile.lock",
				"${PODS_ROOT}/Manifest.lock",
			);
			name = "[CP] Check Pods Manifest.lock";
			outputFileListPaths = (
			);
			outputPaths = (
				"$(DERIVED_FILE_DIR)/Pods-SwiftUI-MVVM-LoginTests-checkManifestLockResult.txt",
			);
			runOnlyForDeploymentPostprocessing = 0;
			shellPath = /bin/sh;
			shellScript = "diff \"${PODS_PODFILE_DIR_PATH}/Podfile.lock\" \"${PODS_ROOT}/Manifest.lock\" > /dev/null\nif [ $? != 0 ] ; then\n    # print error to STDERR\n    echo \"error: The sandbox is not in sync with the Podfile.lock. Run 'pod install' or update your CocoaPods installation.\" >&2\n    exit 1\nfi\n# This output is used by Xcode 'outputs' to avoid re-running this script phase.\necho \"SUCCESS\" > \"${SCRIPT_OUTPUT_FILE_0}\"\n";
			showEnvVarsInLog = 0;
		};
/* End PBXShellScriptBuildPhase section */

/* Begin PBXSourcesBuildPhase section */
		704669B62752861E00E0B170 /* Sources */ = {
			isa = PBXSourcesBuildPhase;
			buildActionMask = 2147483647;
			files = (
				704F010627591E9500296A91 /* AppDelegate.swift in Sources */,
				704669D127528B3F00E0B170 /* LoginViewModel.swift in Sources */,
				704669CF2752876B00E0B170 /* LoginValidator.swift in Sources */,
				704F010827591ED600296A91 /* ContentViewModel.swift in Sources */,
				704669C02752861E00E0B170 /* ContentView.swift in Sources */,
				704669D32753152E00E0B170 /* LoginView.swift in Sources */,
				704669BE2752861E00E0B170 /* SwiftUI_MVVM_LoginApp.swift in Sources */,
			);
			runOnlyForDeploymentPostprocessing = 0;
		};
		704669D42753512C00E0B170 /* Sources */ = {
			isa = PBXSourcesBuildPhase;
			buildActionMask = 2147483647;
			files = (
				704669E6275352DD00E0B170 /* LoginViewModelTests.swift in Sources */,
				704669E42753517000E0B170 /* LoginValidatorTests.swift in Sources */,
			);
			runOnlyForDeploymentPostprocessing = 0;
		};
		704669E92753569F00E0B170 /* Sources */ = {
			isa = PBXSourcesBuildPhase;
			buildActionMask = 2147483647;
			files = (
				704669F9275356C700E0B170 /* LoginViewTests.swift in Sources */,
			);
			runOnlyForDeploymentPostprocessing = 0;
		};
/* End PBXSourcesBuildPhase section */

/* Begin PBXTargetDependency section */
		704669DD2753512C00E0B170 /* PBXTargetDependency */ = {
			isa = PBXTargetDependency;
			target = 704669B92752861E00E0B170 /* SwiftUI-MVVM-Login */;
			targetProxy = 704669DC2753512C00E0B170 /* PBXContainerItemProxy */;
		};
		704669F42753569F00E0B170 /* PBXTargetDependency */ = {
			isa = PBXTargetDependency;
			target = 704669B92752861E00E0B170 /* SwiftUI-MVVM-Login */;
			targetProxy = 704669F32753569F00E0B170 /* PBXContainerItemProxy */;
		};
/* End PBXTargetDependency section */

/* Begin XCBuildConfiguration section */
		704669C62752862000E0B170 /* Debug */ = {
			isa = XCBuildConfiguration;
			buildSettings = {
				ALWAYS_SEARCH_USER_PATHS = NO;
				CLANG_ANALYZER_NONNULL = YES;
				CLANG_ANALYZER_NUMBER_OBJECT_CONVERSION = YES_AGGRESSIVE;
				CLANG_CXX_LANGUAGE_STANDARD = "gnu++17";
				CLANG_CXX_LIBRARY = "libc++";
				CLANG_ENABLE_MODULES = YES;
				CLANG_ENABLE_OBJC_ARC = YES;
				CLANG_ENABLE_OBJC_WEAK = YES;
				CLANG_WARN_BLOCK_CAPTURE_AUTORELEASING = YES;
				CLANG_WARN_BOOL_CONVERSION = YES;
				CLANG_WARN_COMMA = YES;
				CLANG_WARN_CONSTANT_CONVERSION = YES;
				CLANG_WARN_DEPRECATED_OBJC_IMPLEMENTATIONS = YES;
				CLANG_WARN_DIRECT_OBJC_ISA_USAGE = YES_ERROR;
				CLANG_WARN_DOCUMENTATION_COMMENTS = YES;
				CLANG_WARN_EMPTY_BODY = YES;
				CLANG_WARN_ENUM_CONVERSION = YES;
				CLANG_WARN_INFINITE_RECURSION = YES;
				CLANG_WARN_INT_CONVERSION = YES;
				CLANG_WARN_NON_LITERAL_NULL_CONVERSION = YES;
				CLANG_WARN_OBJC_IMPLICIT_RETAIN_SELF = YES;
				CLANG_WARN_OBJC_LITERAL_CONVERSION = YES;
				CLANG_WARN_OBJC_ROOT_CLASS = YES_ERROR;
				CLANG_WARN_QUOTED_INCLUDE_IN_FRAMEWORK_HEADER = YES;
				CLANG_WARN_RANGE_LOOP_ANALYSIS = YES;
				CLANG_WARN_STRICT_PROTOTYPES = YES;
				CLANG_WARN_SUSPICIOUS_MOVE = YES;
				CLANG_WARN_UNGUARDED_AVAILABILITY = YES_AGGRESSIVE;
				CLANG_WARN_UNREACHABLE_CODE = YES;
				CLANG_WARN__DUPLICATE_METHOD_MATCH = YES;
				COPY_PHASE_STRIP = NO;
				DEBUG_INFORMATION_FORMAT = dwarf;
				ENABLE_STRICT_OBJC_MSGSEND = YES;
				ENABLE_TESTABILITY = YES;
				GCC_C_LANGUAGE_STANDARD = gnu11;
				GCC_DYNAMIC_NO_PIC = NO;
				GCC_NO_COMMON_BLOCKS = YES;
				GCC_OPTIMIZATION_LEVEL = 0;
				GCC_PREPROCESSOR_DEFINITIONS = (
					"DEBUG=1",
					"$(inherited)",
				);
				GCC_WARN_64_TO_32_BIT_CONVERSION = YES;
				GCC_WARN_ABOUT_RETURN_TYPE = YES_ERROR;
				GCC_WARN_UNDECLARED_SELECTOR = YES;
				GCC_WARN_UNINITIALIZED_AUTOS = YES_AGGRESSIVE;
				GCC_WARN_UNUSED_FUNCTION = YES;
				GCC_WARN_UNUSED_VARIABLE = YES;
				IPHONEOS_DEPLOYMENT_TARGET = 15.0;
				MTL_ENABLE_DEBUG_INFO = INCLUDE_SOURCE;
				MTL_FAST_MATH = YES;
				ONLY_ACTIVE_ARCH = YES;
				SDKROOT = iphoneos;
				SWIFT_ACTIVE_COMPILATION_CONDITIONS = DEBUG;
				SWIFT_OPTIMIZATION_LEVEL = "-Onone";
			};
			name = Debug;
		};
		704669C72752862000E0B170 /* Release */ = {
			isa = XCBuildConfiguration;
			buildSettings = {
				ALWAYS_SEARCH_USER_PATHS = NO;
				CLANG_ANALYZER_NONNULL = YES;
				CLANG_ANALYZER_NUMBER_OBJECT_CONVERSION = YES_AGGRESSIVE;
				CLANG_CXX_LANGUAGE_STANDARD = "gnu++17";
				CLANG_CXX_LIBRARY = "libc++";
				CLANG_ENABLE_MODULES = YES;
				CLANG_ENABLE_OBJC_ARC = YES;
				CLANG_ENABLE_OBJC_WEAK = YES;
				CLANG_WARN_BLOCK_CAPTURE_AUTORELEASING = YES;
				CLANG_WARN_BOOL_CONVERSION = YES;
				CLANG_WARN_COMMA = YES;
				CLANG_WARN_CONSTANT_CONVERSION = YES;
				CLANG_WARN_DEPRECATED_OBJC_IMPLEMENTATIONS = YES;
				CLANG_WARN_DIRECT_OBJC_ISA_USAGE = YES_ERROR;
				CLANG_WARN_DOCUMENTATION_COMMENTS = YES;
				CLANG_WARN_EMPTY_BODY = YES;
				CLANG_WARN_ENUM_CONVERSION = YES;
				CLANG_WARN_INFINITE_RECURSION = YES;
				CLANG_WARN_INT_CONVERSION = YES;
				CLANG_WARN_NON_LITERAL_NULL_CONVERSION = YES;
				CLANG_WARN_OBJC_IMPLICIT_RETAIN_SELF = YES;
				CLANG_WARN_OBJC_LITERAL_CONVERSION = YES;
				CLANG_WARN_OBJC_ROOT_CLASS = YES_ERROR;
				CLANG_WARN_QUOTED_INCLUDE_IN_FRAMEWORK_HEADER = YES;
				CLANG_WARN_RANGE_LOOP_ANALYSIS = YES;
				CLANG_WARN_STRICT_PROTOTYPES = YES;
				CLANG_WARN_SUSPICIOUS_MOVE = YES;
				CLANG_WARN_UNGUARDED_AVAILABILITY = YES_AGGRESSIVE;
				CLANG_WARN_UNREACHABLE_CODE = YES;
				CLANG_WARN__DUPLICATE_METHOD_MATCH = YES;
				COPY_PHASE_STRIP = NO;
				DEBUG_INFORMATION_FORMAT = "dwarf-with-dsym";
				ENABLE_NS_ASSERTIONS = NO;
				ENABLE_STRICT_OBJC_MSGSEND = YES;
				GCC_C_LANGUAGE_STANDARD = gnu11;
				GCC_NO_COMMON_BLOCKS = YES;
				GCC_WARN_64_TO_32_BIT_CONVERSION = YES;
				GCC_WARN_ABOUT_RETURN_TYPE = YES_ERROR;
				GCC_WARN_UNDECLARED_SELECTOR = YES;
				GCC_WARN_UNINITIALIZED_AUTOS = YES_AGGRESSIVE;
				GCC_WARN_UNUSED_FUNCTION = YES;
				GCC_WARN_UNUSED_VARIABLE = YES;
				IPHONEOS_DEPLOYMENT_TARGET = 15.0;
				MTL_ENABLE_DEBUG_INFO = NO;
				MTL_FAST_MATH = YES;
				SDKROOT = iphoneos;
				SWIFT_COMPILATION_MODE = wholemodule;
				SWIFT_OPTIMIZATION_LEVEL = "-O";
				VALIDATE_PRODUCT = YES;
			};
			name = Release;
		};
		704669C92752862000E0B170 /* Debug */ = {
			isa = XCBuildConfiguration;
			baseConfigurationReference = 0114BDC93ACD267FCCC56E99 /* Pods-SwiftUI-MVVM-Login.debug.xcconfig */;
			buildSettings = {
				ASSETCATALOG_COMPILER_APPICON_NAME = AppIcon;
				ASSETCATALOG_COMPILER_GLOBAL_ACCENT_COLOR_NAME = AccentColor;
				CODE_SIGN_STYLE = Automatic;
				CURRENT_PROJECT_VERSION = 1;
				DEVELOPMENT_ASSET_PATHS = "\"SwiftUI-MVVM-Login/Preview Content\"";
				DEVELOPMENT_TEAM = 4QA8P2NACJ;
				ENABLE_PREVIEWS = YES;
				GENERATE_INFOPLIST_FILE = YES;
				INFOPLIST_KEY_UIApplicationSceneManifest_Generation = YES;
				INFOPLIST_KEY_UIApplicationSupportsIndirectInputEvents = YES;
				INFOPLIST_KEY_UILaunchScreen_Generation = YES;
				INFOPLIST_KEY_UISupportedInterfaceOrientations_iPad = "UIInterfaceOrientationPortrait UIInterfaceOrientationPortraitUpsideDown UIInterfaceOrientationLandscapeLeft UIInterfaceOrientationLandscapeRight";
				INFOPLIST_KEY_UISupportedInterfaceOrientations_iPhone = "UIInterfaceOrientationPortrait UIInterfaceOrientationLandscapeLeft UIInterfaceOrientationLandscapeRight";
				LD_RUNPATH_SEARCH_PATHS = (
					"$(inherited)",
					"@executable_path/Frameworks",
				);
				MARKETING_VERSION = 1.0;
				PRODUCT_BUNDLE_IDENTIFIER = "yuskey.SwiftUI-MVVM-Login";
				PRODUCT_NAME = "$(TARGET_NAME)";
				SWIFT_EMIT_LOC_STRINGS = YES;
				SWIFT_VERSION = 5.0;
				TARGETED_DEVICE_FAMILY = "1,2";
			};
			name = Debug;
		};
		704669CA2752862000E0B170 /* Release */ = {
			isa = XCBuildConfiguration;
			baseConfigurationReference = 6C95819E3DDDF39A6C282187 /* Pods-SwiftUI-MVVM-Login.release.xcconfig */;
			buildSettings = {
				ASSETCATALOG_COMPILER_APPICON_NAME = AppIcon;
				ASSETCATALOG_COMPILER_GLOBAL_ACCENT_COLOR_NAME = AccentColor;
				CODE_SIGN_STYLE = Automatic;
				CURRENT_PROJECT_VERSION = 1;
				DEVELOPMENT_ASSET_PATHS = "\"SwiftUI-MVVM-Login/Preview Content\"";
				DEVELOPMENT_TEAM = 4QA8P2NACJ;
				ENABLE_PREVIEWS = YES;
				GENERATE_INFOPLIST_FILE = YES;
				INFOPLIST_KEY_UIApplicationSceneManifest_Generation = YES;
				INFOPLIST_KEY_UIApplicationSupportsIndirectInputEvents = YES;
				INFOPLIST_KEY_UILaunchScreen_Generation = YES;
				INFOPLIST_KEY_UISupportedInterfaceOrientations_iPad = "UIInterfaceOrientationPortrait UIInterfaceOrientationPortraitUpsideDown UIInterfaceOrientationLandscapeLeft UIInterfaceOrientationLandscapeRight";
				INFOPLIST_KEY_UISupportedInterfaceOrientations_iPhone = "UIInterfaceOrientationPortrait UIInterfaceOrientationLandscapeLeft UIInterfaceOrientationLandscapeRight";
				LD_RUNPATH_SEARCH_PATHS = (
					"$(inherited)",
					"@executable_path/Frameworks",
				);
				MARKETING_VERSION = 1.0;
				PRODUCT_BUNDLE_IDENTIFIER = "yuskey.SwiftUI-MVVM-Login";
				PRODUCT_NAME = "$(TARGET_NAME)";
				SWIFT_EMIT_LOC_STRINGS = YES;
				SWIFT_VERSION = 5.0;
				TARGETED_DEVICE_FAMILY = "1,2";
			};
			name = Release;
		};
		704669DE2753512C00E0B170 /* Debug */ = {
			isa = XCBuildConfiguration;
			baseConfigurationReference = 087B480DADFEBCD6E3134E3D /* Pods-SwiftUI-MVVM-LoginTests.debug.xcconfig */;
			buildSettings = {
				BUNDLE_LOADER = "$(TEST_HOST)";
				CODE_SIGN_STYLE = Automatic;
				CURRENT_PROJECT_VERSION = 1;
				DEVELOPMENT_TEAM = 4QA8P2NACJ;
				GENERATE_INFOPLIST_FILE = YES;
				LD_RUNPATH_SEARCH_PATHS = (
					"$(inherited)",
					"@executable_path/Frameworks",
					"@loader_path/Frameworks",
				);
				MARKETING_VERSION = 1.0;
				PRODUCT_BUNDLE_IDENTIFIER = "yuskey.SwiftUI-MVVM-LoginTests";
				PRODUCT_NAME = "$(TARGET_NAME)";
				SWIFT_EMIT_LOC_STRINGS = NO;
				SWIFT_VERSION = 5.0;
				TARGETED_DEVICE_FAMILY = "1,2";
				TEST_HOST = "$(BUILT_PRODUCTS_DIR)/SwiftUI-MVVM-Login.app/SwiftUI-MVVM-Login";
			};
			name = Debug;
		};
		704669DF2753512C00E0B170 /* Release */ = {
			isa = XCBuildConfiguration;
			baseConfigurationReference = 213EC4B671ECB48D8D853FB1 /* Pods-SwiftUI-MVVM-LoginTests.release.xcconfig */;
			buildSettings = {
				BUNDLE_LOADER = "$(TEST_HOST)";
				CODE_SIGN_STYLE = Automatic;
				CURRENT_PROJECT_VERSION = 1;
				DEVELOPMENT_TEAM = 4QA8P2NACJ;
				GENERATE_INFOPLIST_FILE = YES;
				LD_RUNPATH_SEARCH_PATHS = (
					"$(inherited)",
					"@executable_path/Frameworks",
					"@loader_path/Frameworks",
				);
				MARKETING_VERSION = 1.0;
				PRODUCT_BUNDLE_IDENTIFIER = "yuskey.SwiftUI-MVVM-LoginTests";
				PRODUCT_NAME = "$(TARGET_NAME)";
				SWIFT_EMIT_LOC_STRINGS = NO;
				SWIFT_VERSION = 5.0;
				TARGETED_DEVICE_FAMILY = "1,2";
				TEST_HOST = "$(BUILT_PRODUCTS_DIR)/SwiftUI-MVVM-Login.app/SwiftUI-MVVM-Login";
			};
			name = Release;
		};
		704669F62753569F00E0B170 /* Debug */ = {
			isa = XCBuildConfiguration;
			baseConfigurationReference = DFB16B51F91C92D689DE02E8 /* Pods-SwiftUI-MVVM-Login-SwiftUI-MVVM-LoginUITests.debug.xcconfig */;
			buildSettings = {
				CODE_SIGN_STYLE = Automatic;
				CURRENT_PROJECT_VERSION = 1;
				DEVELOPMENT_TEAM = 4QA8P2NACJ;
				GENERATE_INFOPLIST_FILE = YES;
				LD_RUNPATH_SEARCH_PATHS = (
					"$(inherited)",
					"@executable_path/Frameworks",
					"@loader_path/Frameworks",
				);
				MARKETING_VERSION = 1.0;
				PRODUCT_BUNDLE_IDENTIFIER = "yuskey.SwiftUI-MVVM-LoginUITests";
				PRODUCT_NAME = "$(TARGET_NAME)";
				SWIFT_EMIT_LOC_STRINGS = NO;
				SWIFT_VERSION = 5.0;
				TARGETED_DEVICE_FAMILY = "1,2";
				TEST_TARGET_NAME = "SwiftUI-MVVM-Login";
			};
			name = Debug;
		};
		704669F72753569F00E0B170 /* Release */ = {
			isa = XCBuildConfiguration;
			baseConfigurationReference = E27D760A6DF6C6929769EB94 /* Pods-SwiftUI-MVVM-Login-SwiftUI-MVVM-LoginUITests.release.xcconfig */;
			buildSettings = {
				CODE_SIGN_STYLE = Automatic;
				CURRENT_PROJECT_VERSION = 1;
				DEVELOPMENT_TEAM = 4QA8P2NACJ;
				GENERATE_INFOPLIST_FILE = YES;
				LD_RUNPATH_SEARCH_PATHS = (
					"$(inherited)",
					"@executable_path/Frameworks",
					"@loader_path/Frameworks",
				);
				MARKETING_VERSION = 1.0;
				PRODUCT_BUNDLE_IDENTIFIER = "yuskey.SwiftUI-MVVM-LoginUITests";
				PRODUCT_NAME = "$(TARGET_NAME)";
				SWIFT_EMIT_LOC_STRINGS = NO;
				SWIFT_VERSION = 5.0;
				TARGETED_DEVICE_FAMILY = "1,2";
				TEST_TARGET_NAME = "SwiftUI-MVVM-Login";
			};
			name = Release;
		};
/* End XCBuildConfiguration section */

/* Begin XCConfigurationList section */
		704669B52752861E00E0B170 /* Build configuration list for PBXProject "SwiftUI-MVVM-Login" */ = {
			isa = XCConfigurationList;
			buildConfigurations = (
				704669C62752862000E0B170 /* Debug */,
				704669C72752862000E0B170 /* Release */,
			);
			defaultConfigurationIsVisible = 0;
			defaultConfigurationName = Release;
		};
		704669C82752862000E0B170 /* Build configuration list for PBXNativeTarget "SwiftUI-MVVM-Login" */ = {
			isa = XCConfigurationList;
			buildConfigurations = (
				704669C92752862000E0B170 /* Debug */,
				704669CA2752862000E0B170 /* Release */,
			);
			defaultConfigurationIsVisible = 0;
			defaultConfigurationName = Release;
		};
		704669E02753512C00E0B170 /* Build configuration list for PBXNativeTarget "SwiftUI-MVVM-LoginTests" */ = {
			isa = XCConfigurationList;
			buildConfigurations = (
				704669DE2753512C00E0B170 /* Debug */,
				704669DF2753512C00E0B170 /* Release */,
			);
			defaultConfigurationIsVisible = 0;
			defaultConfigurationName = Release;
		};
		704669F52753569F00E0B170 /* Build configuration list for PBXNativeTarget "SwiftUI-MVVM-LoginUITests" */ = {
			isa = XCConfigurationList;
			buildConfigurations = (
				704669F62753569F00E0B170 /* Debug */,
				704669F72753569F00E0B170 /* Release */,
			);
			defaultConfigurationIsVisible = 0;
			defaultConfigurationName = Release;
		};
/* End XCConfigurationList section */
	};
	rootObject = 704669B22752861E00E0B170 /* Project object */;
}
